// !$*UTF8*$!
{
	archiveVersion = 1;
	classes = {
	};
	objectVersion = 50;
	objects = {

/* Begin PBXBuildFile section */
		ED8F97AE220FDCE6008EAF2B /* AppDelegate.swift in Sources */ = {isa = PBXBuildFile; fileRef = ED8F97AD220FDCE6008EAF2B /* AppDelegate.swift */; };
		ED8F97B0220FDCE6008EAF2B /* ViewController.swift in Sources */ = {isa = PBXBuildFile; fileRef = ED8F97AF220FDCE6008EAF2B /* ViewController.swift */; };
		ED8F97B3220FDCE6008EAF2B /* Main.storyboard in Resources */ = {isa = PBXBuildFile; fileRef = ED8F97B1220FDCE6008EAF2B /* Main.storyboard */; };
		ED8F97B5220FDCE7008EAF2B /* Assets.xcassets in Resources */ = {isa = PBXBuildFile; fileRef = ED8F97B4220FDCE7008EAF2B /* Assets.xcassets */; };
		ED8F97B8220FDCE7008EAF2B /* LaunchScreen.storyboard in Resources */ = {isa = PBXBuildFile; fileRef = ED8F97B6220FDCE7008EAF2B /* LaunchScreen.storyboard */; };
		ED8F97C3220FDCE7008EAF2B /* UserViewerTests.swift in Sources */ = {isa = PBXBuildFile; fileRef = ED8F97C2220FDCE7008EAF2B /* UserViewerTests.swift */; };
		ED8F97CE220FDCE7008EAF2B /* UserViewerUITests.swift in Sources */ = {isa = PBXBuildFile; fileRef = ED8F97CD220FDCE7008EAF2B /* UserViewerUITests.swift */; };
		ED8F97DC220FE050008EAF2B /* MainVC.swift in Sources */ = {isa = PBXBuildFile; fileRef = ED8F97DB220FE050008EAF2B /* MainVC.swift */; };
		ED8F97E0220FE0B6008EAF2B /* ViewUsersVC.swift in Sources */ = {isa = PBXBuildFile; fileRef = ED8F97DD220FE0B6008EAF2B /* ViewUsersVC.swift */; };
		ED8F97E1220FE0B6008EAF2B /* AddUserVC.swift in Sources */ = {isa = PBXBuildFile; fileRef = ED8F97DE220FE0B6008EAF2B /* AddUserVC.swift */; };
		ED8F97E2220FE0B6008EAF2B /* SettingsVC.swift in Sources */ = {isa = PBXBuildFile; fileRef = ED8F97DF220FE0B6008EAF2B /* SettingsVC.swift */; };
		ED8F97E4220FEF4B008EAF2B /* Model.swift in Sources */ = {isa = PBXBuildFile; fileRef = ED8F97E3220FEF4B008EAF2B /* Model.swift */; };
		EDBD54E82219252900AE69CE /* TableCell.swift in Sources */ = {isa = PBXBuildFile; fileRef = EDBD54E72219252900AE69CE /* TableCell.swift */; };
		EDBD54EA22192E8600AE69CE /* SelectTableRowVC.swift in Sources */ = {isa = PBXBuildFile; fileRef = EDBD54E922192E8600AE69CE /* SelectTableRowVC.swift */; };
		EDEA2EB32223DE200063845A /* TestUsers.json in Resources */ = {isa = PBXBuildFile; fileRef = EDEA2EB22223DE200063845A /* TestUsers.json */; };
/* End PBXBuildFile section */

/* Begin PBXContainerItemProxy section */
		ED8F97BF220FDCE7008EAF2B /* PBXContainerItemProxy */ = {
			isa = PBXContainerItemProxy;
			containerPortal = ED8F97A2220FDCE6008EAF2B /* Project object */;
			proxyType = 1;
			remoteGlobalIDString = ED8F97A9220FDCE6008EAF2B;
			remoteInfo = UserViewer;
		};
		ED8F97CA220FDCE7008EAF2B /* PBXContainerItemProxy */ = {
			isa = PBXContainerItemProxy;
			containerPortal = ED8F97A2220FDCE6008EAF2B /* Project object */;
			proxyType = 1;
			remoteGlobalIDString = ED8F97A9220FDCE6008EAF2B;
			remoteInfo = UserViewer;
		};
/* End PBXContainerItemProxy section */

/* Begin PBXFileReference section */
		ED8F97AA220FDCE6008EAF2B /* UserViewer.app */ = {isa = PBXFileReference; explicitFileType = wrapper.application; includeInIndex = 0; path = UserViewer.app; sourceTree = BUILT_PRODUCTS_DIR; };
		ED8F97AD220FDCE6008EAF2B /* AppDelegate.swift */ = {isa = PBXFileReference; lastKnownFileType = sourcecode.swift; path = AppDelegate.swift; sourceTree = "<group>"; };
		ED8F97AF220FDCE6008EAF2B /* ViewController.swift */ = {isa = PBXFileReference; lastKnownFileType = sourcecode.swift; path = ViewController.swift; sourceTree = "<group>"; };
		ED8F97B2220FDCE6008EAF2B /* Base */ = {isa = PBXFileReference; lastKnownFileType = file.storyboard; name = Base; path = Base.lproj/Main.storyboard; sourceTree = "<group>"; };
		ED8F97B4220FDCE7008EAF2B /* Assets.xcassets */ = {isa = PBXFileReference; lastKnownFileType = folder.assetcatalog; path = Assets.xcassets; sourceTree = "<group>"; };
		ED8F97B7220FDCE7008EAF2B /* Base */ = {isa = PBXFileReference; lastKnownFileType = file.storyboard; name = Base; path = Base.lproj/LaunchScreen.storyboard; sourceTree = "<group>"; };
		ED8F97B9220FDCE7008EAF2B /* Info.plist */ = {isa = PBXFileReference; lastKnownFileType = text.plist.xml; path = Info.plist; sourceTree = "<group>"; };
		ED8F97BE220FDCE7008EAF2B /* UserViewerTests.xctest */ = {isa = PBXFileReference; explicitFileType = wrapper.cfbundle; includeInIndex = 0; path = UserViewerTests.xctest; sourceTree = BUILT_PRODUCTS_DIR; };
		ED8F97C2220FDCE7008EAF2B /* UserViewerTests.swift */ = {isa = PBXFileReference; lastKnownFileType = sourcecode.swift; path = UserViewerTests.swift; sourceTree = "<group>"; };
		ED8F97C4220FDCE7008EAF2B /* Info.plist */ = {isa = PBXFileReference; lastKnownFileType = text.plist.xml; path = Info.plist; sourceTree = "<group>"; };
		ED8F97C9220FDCE7008EAF2B /* UserViewerUITests.xctest */ = {isa = PBXFileReference; explicitFileType = wrapper.cfbundle; includeInIndex = 0; path = UserViewerUITests.xctest; sourceTree = BUILT_PRODUCTS_DIR; };
		ED8F97CD220FDCE7008EAF2B /* UserViewerUITests.swift */ = {isa = PBXFileReference; lastKnownFileType = sourcecode.swift; path = UserViewerUITests.swift; sourceTree = "<group>"; };
		ED8F97CF220FDCE7008EAF2B /* Info.plist */ = {isa = PBXFileReference; lastKnownFileType = text.plist.xml; path = Info.plist; sourceTree = "<group>"; };
		ED8F97DB220FE050008EAF2B /* MainVC.swift */ = {isa = PBXFileReference; lastKnownFileType = sourcecode.swift; name = MainVC.swift; path = Scripts/MainVC.swift; sourceTree = "<group>"; };
		ED8F97DD220FE0B6008EAF2B /* ViewUsersVC.swift */ = {isa = PBXFileReference; fileEncoding = 4; lastKnownFileType = sourcecode.swift; name = ViewUsersVC.swift; path = UserViewer/Scripts/ViewUsersVC.swift; sourceTree = "<group>"; };
		ED8F97DE220FE0B6008EAF2B /* AddUserVC.swift */ = {isa = PBXFileReference; fileEncoding = 4; lastKnownFileType = sourcecode.swift; name = AddUserVC.swift; path = UserViewer/Scripts/AddUserVC.swift; sourceTree = "<group>"; };
		ED8F97DF220FE0B6008EAF2B /* SettingsVC.swift */ = {isa = PBXFileReference; fileEncoding = 4; lastKnownFileType = sourcecode.swift; name = SettingsVC.swift; path = UserViewer/Scripts/SettingsVC.swift; sourceTree = "<group>"; };
		ED8F97E3220FEF4B008EAF2B /* Model.swift */ = {isa = PBXFileReference; lastKnownFileType = sourcecode.swift; name = Model.swift; path = Scripts/Model.swift; sourceTree = "<group>"; };
		EDBD54E72219252900AE69CE /* TableCell.swift */ = {isa = PBXFileReference; lastKnownFileType = sourcecode.swift; path = TableCell.swift; sourceTree = "<group>"; };
		EDBD54E922192E8600AE69CE /* SelectTableRowVC.swift */ = {isa = PBXFileReference; lastKnownFileType = sourcecode.swift; name = SelectTableRowVC.swift; path = UserViewer/Scripts/SelectTableRowVC.swift; sourceTree = "<group>"; };
		EDEA2EB22223DE200063845A /* TestUsers.json */ = {isa = PBXFileReference; lastKnownFileType = text.json; path = TestUsers.json; sourceTree = "<group>"; };
/* End PBXFileReference section */

/* Begin PBXFrameworksBuildPhase section */
		ED8F97A7220FDCE6008EAF2B /* Frameworks */ = {
			isa = PBXFrameworksBuildPhase;
			buildActionMask = 2147483647;
			files = (
			);
			runOnlyForDeploymentPostprocessing = 0;
		};
		ED8F97BB220FDCE7008EAF2B /* Frameworks */ = {
			isa = PBXFrameworksBuildPhase;
			buildActionMask = 2147483647;
			files = (
			);
			runOnlyForDeploymentPostprocessing = 0;
		};
		ED8F97C6220FDCE7008EAF2B /* Frameworks */ = {
			isa = PBXFrameworksBuildPhase;
			buildActionMask = 2147483647;
			files = (
			);
			runOnlyForDeploymentPostprocessing = 0;
		};
/* End PBXFrameworksBuildPhase section */

/* Begin PBXGroup section */
		ED8F97A1220FDCE6008EAF2B = {
			isa = PBXGroup;
			children = (
				EDEA2EB22223DE200063845A /* TestUsers.json */,
				ED8F97AC220FDCE6008EAF2B /* UserViewer */,
				ED8F97C1220FDCE7008EAF2B /* UserViewerTests */,
				ED8F97CC220FDCE7008EAF2B /* UserViewerUITests */,
				ED8F97AB220FDCE6008EAF2B /* Products */,
				ED8F97DE220FE0B6008EAF2B /* AddUserVC.swift */,
				ED8F97DF220FE0B6008EAF2B /* SettingsVC.swift */,
				ED8F97DD220FE0B6008EAF2B /* ViewUsersVC.swift */,
				EDBD54E922192E8600AE69CE /* SelectTableRowVC.swift */,
			);
			sourceTree = "<group>";
		};
		ED8F97AB220FDCE6008EAF2B /* Products */ = {
			isa = PBXGroup;
			children = (
				ED8F97AA220FDCE6008EAF2B /* UserViewer.app */,
				ED8F97BE220FDCE7008EAF2B /* UserViewerTests.xctest */,
				ED8F97C9220FDCE7008EAF2B /* UserViewerUITests.xctest */,
			);
			name = Products;
			sourceTree = "<group>";
		};
		ED8F97AC220FDCE6008EAF2B /* UserViewer */ = {
			isa = PBXGroup;
			children = (
				ED8F97AD220FDCE6008EAF2B /* AppDelegate.swift */,
				ED8F97AF220FDCE6008EAF2B /* ViewController.swift */,
				ED8F97B1220FDCE6008EAF2B /* Main.storyboard */,
				EDBD54E72219252900AE69CE /* TableCell.swift */,
				ED8F97E3220FEF4B008EAF2B /* Model.swift */,
				ED8F97DB220FE050008EAF2B /* MainVC.swift */,
				ED8F97B4220FDCE7008EAF2B /* Assets.xcassets */,
				ED8F97B6220FDCE7008EAF2B /* LaunchScreen.storyboard */,
				ED8F97B9220FDCE7008EAF2B /* Info.plist */,
			);
			path = UserViewer;
			sourceTree = "<group>";
		};
		ED8F97C1220FDCE7008EAF2B /* UserViewerTests */ = {
			isa = PBXGroup;
			children = (
				ED8F97C2220FDCE7008EAF2B /* UserViewerTests.swift */,
				ED8F97C4220FDCE7008EAF2B /* Info.plist */,
			);
			path = UserViewerTests;
			sourceTree = "<group>";
		};
		ED8F97CC220FDCE7008EAF2B /* UserViewerUITests */ = {
			isa = PBXGroup;
			children = (
				ED8F97CD220FDCE7008EAF2B /* UserViewerUITests.swift */,
				ED8F97CF220FDCE7008EAF2B /* Info.plist */,
			);
			path = UserViewerUITests;
			sourceTree = "<group>";
		};
/* End PBXGroup section */

/* Begin PBXNativeTarget section */
		ED8F97A9220FDCE6008EAF2B /* UserViewer */ = {
			isa = PBXNativeTarget;
			buildConfigurationList = ED8F97D2220FDCE7008EAF2B /* Build configuration list for PBXNativeTarget "UserViewer" */;
			buildPhases = (
				ED8F97A6220FDCE6008EAF2B /* Sources */,
				ED8F97A7220FDCE6008EAF2B /* Frameworks */,
				ED8F97A8220FDCE6008EAF2B /* Resources */,
			);
			buildRules = (
			);
			dependencies = (
			);
			name = UserViewer;
			productName = UserViewer;
			productReference = ED8F97AA220FDCE6008EAF2B /* UserViewer.app */;
			productType = "com.apple.product-type.application";
		};
		ED8F97BD220FDCE7008EAF2B /* UserViewerTests */ = {
			isa = PBXNativeTarget;
			buildConfigurationList = ED8F97D5220FDCE7008EAF2B /* Build configuration list for PBXNativeTarget "UserViewerTests" */;
			buildPhases = (
				ED8F97BA220FDCE7008EAF2B /* Sources */,
				ED8F97BB220FDCE7008EAF2B /* Frameworks */,
				ED8F97BC220FDCE7008EAF2B /* Resources */,
			);
			buildRules = (
			);
			dependencies = (
				ED8F97C0220FDCE7008EAF2B /* PBXTargetDependency */,
			);
			name = UserViewerTests;
			productName = UserViewerTests;
			productReference = ED8F97BE220FDCE7008EAF2B /* UserViewerTests.xctest */;
			productType = "com.apple.product-type.bundle.unit-test";
		};
		ED8F97C8220FDCE7008EAF2B /* UserViewerUITests */ = {
			isa = PBXNativeTarget;
			buildConfigurationList = ED8F97D8220FDCE7008EAF2B /* Build configuration list for PBXNativeTarget "UserViewerUITests" */;
			buildPhases = (
				ED8F97C5220FDCE7008EAF2B /* Sources */,
				ED8F97C6220FDCE7008EAF2B /* Frameworks */,
				ED8F97C7220FDCE7008EAF2B /* Resources */,
			);
			buildRules = (
			);
			dependencies = (
				ED8F97CB220FDCE7008EAF2B /* PBXTargetDependency */,
			);
			name = UserViewerUITests;
			productName = UserViewerUITests;
			productReference = ED8F97C9220FDCE7008EAF2B /* UserViewerUITests.xctest */;
			productType = "com.apple.product-type.bundle.ui-testing";
		};
/* End PBXNativeTarget section */

/* Begin PBXProject section */
		ED8F97A2220FDCE6008EAF2B /* Project object */ = {
			isa = PBXProject;
			attributes = {
				LastSwiftUpdateCheck = 1010;
				LastUpgradeCheck = 1010;
				ORGANIZATIONNAME = "Sam Paterson";
				TargetAttributes = {
					ED8F97A9220FDCE6008EAF2B = {
						CreatedOnToolsVersion = 10.1;
					};
					ED8F97BD220FDCE7008EAF2B = {
						CreatedOnToolsVersion = 10.1;
						TestTargetID = ED8F97A9220FDCE6008EAF2B;
					};
					ED8F97C8220FDCE7008EAF2B = {
						CreatedOnToolsVersion = 10.1;
						TestTargetID = ED8F97A9220FDCE6008EAF2B;
					};
				};
			};
			buildConfigurationList = ED8F97A5220FDCE6008EAF2B /* Build configuration list for PBXProject "UserViewer" */;
			compatibilityVersion = "Xcode 9.3";
			developmentRegion = en;
			hasScannedForEncodings = 0;
			knownRegions = (
				en,
				Base,
			);
			mainGroup = ED8F97A1220FDCE6008EAF2B;
			productRefGroup = ED8F97AB220FDCE6008EAF2B /* Products */;
			projectDirPath = "";
			projectRoot = "";
			targets = (
				ED8F97A9220FDCE6008EAF2B /* UserViewer */,
				ED8F97BD220FDCE7008EAF2B /* UserViewerTests */,
				ED8F97C8220FDCE7008EAF2B /* UserViewerUITests */,
			);
		};
/* End PBXProject section */

/* Begin PBXResourcesBuildPhase section */
		ED8F97A8220FDCE6008EAF2B /* Resources */ = {
			isa = PBXResourcesBuildPhase;
			buildActionMask = 2147483647;
			files = (
				EDEA2EB32223DE200063845A /* TestUsers.json in Resources */,
				ED8F97B8220FDCE7008EAF2B /* LaunchScreen.storyboard in Resources */,
				ED8F97B5220FDCE7008EAF2B /* Assets.xcassets in Resources */,
				ED8F97B3220FDCE6008EAF2B /* Main.storyboard in Resources */,
			);
			runOnlyForDeploymentPostprocessing = 0;
		};
		ED8F97BC220FDCE7008EAF2B /* Resources */ = {
			isa = PBXResourcesBuildPhase;
			buildActionMask = 2147483647;
			files = (
			);
			runOnlyForDeploymentPostprocessing = 0;
		};
		ED8F97C7220FDCE7008EAF2B /* Resources */ = {
			isa = PBXResourcesBuildPhase;
			buildActionMask = 2147483647;
			files = (
			);
			runOnlyForDeploymentPostprocessing = 0;
		};
/* End PBXResourcesBuildPhase section */

/* Begin PBXSourcesBuildPhase section */
		ED8F97A6220FDCE6008EAF2B /* Sources */ = {
			isa = PBXSourcesBuildPhase;
			buildActionMask = 2147483647;
			files = (
				ED8F97E4220FEF4B008EAF2B /* Model.swift in Sources */,
				EDBD54EA22192E8600AE69CE /* SelectTableRowVC.swift in Sources */,
				ED8F97E1220FE0B6008EAF2B /* AddUserVC.swift in Sources */,
				EDBD54E82219252900AE69CE /* TableCell.swift in Sources */,
				ED8F97B0220FDCE6008EAF2B /* ViewController.swift in Sources */,
				ED8F97DC220FE050008EAF2B /* MainVC.swift in Sources */,
				ED8F97E0220FE0B6008EAF2B /* ViewUsersVC.swift in Sources */,
				ED8F97AE220FDCE6008EAF2B /* AppDelegate.swift in Sources */,
				ED8F97E2220FE0B6008EAF2B /* SettingsVC.swift in Sources */,
			);
			runOnlyForDeploymentPostprocessing = 0;
		};
		ED8F97BA220FDCE7008EAF2B /* Sources */ = {
			isa = PBXSourcesBuildPhase;
			buildActionMask = 2147483647;
			files = (
				ED8F97C3220FDCE7008EAF2B /* UserViewerTests.swift in Sources */,
			);
			runOnlyForDeploymentPostprocessing = 0;
		};
		ED8F97C5220FDCE7008EAF2B /* Sources */ = {
			isa = PBXSourcesBuildPhase;
			buildActionMask = 2147483647;
			files = (
				ED8F97CE220FDCE7008EAF2B /* UserViewerUITests.swift in Sources */,
			);
			runOnlyForDeploymentPostprocessing = 0;
		};
/* End PBXSourcesBuildPhase section */

/* Begin PBXTargetDependency section */
		ED8F97C0220FDCE7008EAF2B /* PBXTargetDependency */ = {
			isa = PBXTargetDependency;
			target = ED8F97A9220FDCE6008EAF2B /* UserViewer */;
			targetProxy = ED8F97BF220FDCE7008EAF2B /* PBXContainerItemProxy */;
		};
		ED8F97CB220FDCE7008EAF2B /* PBXTargetDependency */ = {
			isa = PBXTargetDependency;
			target = ED8F97A9220FDCE6008EAF2B /* UserViewer */;
			targetProxy = ED8F97CA220FDCE7008EAF2B /* PBXContainerItemProxy */;
		};
/* End PBXTargetDependency section */

/* Begin PBXVariantGroup section */
		ED8F97B1220FDCE6008EAF2B /* Main.storyboard */ = {
			isa = PBXVariantGroup;
			children = (
				ED8F97B2220FDCE6008EAF2B /* Base */,
			);
			name = Main.storyboard;
			sourceTree = "<group>";
		};
		ED8F97B6220FDCE7008EAF2B /* LaunchScreen.storyboard */ = {
			isa = PBXVariantGroup;
			children = (
				ED8F97B7220FDCE7008EAF2B /* Base */,
			);
			name = LaunchScreen.storyboard;
			sourceTree = "<group>";
		};
/* End PBXVariantGroup section */

/* Begin XCBuildConfiguration section */
		ED8F97D0220FDCE7008EAF2B /* Debug */ = {
			isa = XCBuildConfiguration;
			buildSettings = {
				ALWAYS_SEARCH_USER_PATHS = NO;
				CLANG_ANALYZER_NONNULL = YES;
				CLANG_ANALYZER_NUMBER_OBJECT_CONVERSION = YES_AGGRESSIVE;
				CLANG_CXX_LANGUAGE_STANDARD = "gnu++14";
				CLANG_CXX_LIBRARY = "libc++";
				CLANG_ENABLE_MODULES = YES;
				CLANG_ENABLE_OBJC_ARC = YES;
				CLANG_ENABLE_OBJC_WEAK = YES;
				CLANG_WARN_BLOCK_CAPTURE_AUTORELEASING = YES;
				CLANG_WARN_BOOL_CONVERSION = YES;
				CLANG_WARN_COMMA = YES;
				CLANG_WARN_CONSTANT_CONVERSION = YES;
				CLANG_WARN_DEPRECATED_OBJC_IMPLEMENTATIONS = YES;
				CLANG_WARN_DIRECT_OBJC_ISA_USAGE = YES_ERROR;
				CLANG_WARN_DOCUMENTATION_COMMENTS = YES;
				CLANG_WARN_EMPTY_BODY = YES;
				CLANG_WARN_ENUM_CONVERSION = YES;
				CLANG_WARN_INFINITE_RECURSION = YES;
				CLANG_WARN_INT_CONVERSION = YES;
				CLANG_WARN_NON_LITERAL_NULL_CONVERSION = YES;
				CLANG_WARN_OBJC_IMPLICIT_RETAIN_SELF = YES;
				CLANG_WARN_OBJC_LITERAL_CONVERSION = YES;
				CLANG_WARN_OBJC_ROOT_CLASS = YES_ERROR;
				CLANG_WARN_RANGE_LOOP_ANALYSIS = YES;
				CLANG_WARN_STRICT_PROTOTYPES = YES;
				CLANG_WARN_SUSPICIOUS_MOVE = YES;
				CLANG_WARN_UNGUARDED_AVAILABILITY = YES_AGGRESSIVE;
				CLANG_WARN_UNREACHABLE_CODE = YES;
				CLANG_WARN__DUPLICATE_METHOD_MATCH = YES;
				CODE_SIGN_IDENTITY = "iPhone Developer";
				COPY_PHASE_STRIP = NO;
				DEBUG_INFORMATION_FORMAT = dwarf;
				ENABLE_STRICT_OBJC_MSGSEND = YES;
				ENABLE_TESTABILITY = YES;
				GCC_C_LANGUAGE_STANDARD = gnu11;
				GCC_DYNAMIC_NO_PIC = NO;
				GCC_NO_COMMON_BLOCKS = YES;
				GCC_OPTIMIZATION_LEVEL = 0;
				GCC_PREPROCESSOR_DEFINITIONS = (
					"DEBUG=1",
					"$(inherited)",
				);
				GCC_WARN_64_TO_32_BIT_CONVERSION = YES;
				GCC_WARN_ABOUT_RETURN_TYPE = YES_ERROR;
				GCC_WARN_UNDECLARED_SELECTOR = YES;
				GCC_WARN_UNINITIALIZED_AUTOS = YES_AGGRESSIVE;
				GCC_WARN_UNUSED_FUNCTION = YES;
				GCC_WARN_UNUSED_VARIABLE = YES;
				IPHONEOS_DEPLOYMENT_TARGET = 12.1;
				MTL_ENABLE_DEBUG_INFO = INCLUDE_SOURCE;
				MTL_FAST_MATH = YES;
				ONLY_ACTIVE_ARCH = YES;
				SDKROOT = iphoneos;
				SWIFT_ACTIVE_COMPILATION_CONDITIONS = DEBUG;
				SWIFT_OPTIMIZATION_LEVEL = "-Onone";
			};
			name = Debug;
		};
		ED8F97D1220FDCE7008EAF2B /* Release */ = {
			isa = XCBuildConfiguration;
			buildSettings = {
				ALWAYS_SEARCH_USER_PATHS = NO;
				CLANG_ANALYZER_NONNULL = YES;
				CLANG_ANALYZER_NUMBER_OBJECT_CONVERSION = YES_AGGRESSIVE;
				CLANG_CXX_LANGUAGE_STANDARD = "gnu++14";
				CLANG_CXX_LIBRARY = "libc++";
				CLANG_ENABLE_MODULES = YES;
				CLANG_ENABLE_OBJC_ARC = YES;
				CLANG_ENABLE_OBJC_WEAK = YES;
				CLANG_WARN_BLOCK_CAPTURE_AUTORELEASING = YES;
				CLANG_WARN_BOOL_CONVERSION = YES;
				CLANG_WARN_COMMA = YES;
				CLANG_WARN_CONSTANT_CONVERSION = YES;
				CLANG_WARN_DEPRECATED_OBJC_IMPLEMENTATIONS = YES;
				CLANG_WARN_DIRECT_OBJC_ISA_USAGE = YES_ERROR;
				CLANG_WARN_DOCUMENTATION_COMMENTS = YES;
				CLANG_WARN_EMPTY_BODY = YES;
				CLANG_WARN_ENUM_CONVERSION = YES;
				CLANG_WARN_INFINITE_RECURSION = YES;
				CLANG_WARN_INT_CONVERSION = YES;
				CLANG_WARN_NON_LITERAL_NULL_CONVERSION = YES;
				CLANG_WARN_OBJC_IMPLICIT_RETAIN_SELF = YES;
				CLANG_WARN_OBJC_LITERAL_CONVERSION = YES;
				CLANG_WARN_OBJC_ROOT_CLASS = YES_ERROR;
				CLANG_WARN_RANGE_LOOP_ANALYSIS = YES;
				CLANG_WARN_STRICT_PROTOTYPES = YES;
				CLANG_WARN_SUSPICIOUS_MOVE = YES;
				CLANG_WARN_UNGUARDED_AVAILABILITY = YES_AGGRESSIVE;
				CLANG_WARN_UNREACHABLE_CODE = YES;
				CLANG_WARN__DUPLICATE_METHOD_MATCH = YES;
				CODE_SIGN_IDENTITY = "iPhone Developer";
				COPY_PHASE_STRIP = NO;
				DEBUG_INFORMATION_FORMAT = "dwarf-with-dsym";
				ENABLE_NS_ASSERTIONS = NO;
				ENABLE_STRICT_OBJC_MSGSEND = YES;
				GCC_C_LANGUAGE_STANDARD = gnu11;
				GCC_NO_COMMON_BLOCKS = YES;
				GCC_WARN_64_TO_32_BIT_CONVERSION = YES;
				GCC_WARN_ABOUT_RETURN_TYPE = YES_ERROR;
				GCC_WARN_UNDECLARED_SELECTOR = YES;
				GCC_WARN_UNINITIALIZED_AUTOS = YES_AGGRESSIVE;
				GCC_WARN_UNUSED_FUNCTION = YES;
				GCC_WARN_UNUSED_VARIABLE = YES;
				IPHONEOS_DEPLOYMENT_TARGET = 12.1;
				MTL_ENABLE_DEBUG_INFO = NO;
				MTL_FAST_MATH = YES;
				SDKROOT = iphoneos;
				SWIFT_COMPILATION_MODE = wholemodule;
				SWIFT_OPTIMIZATION_LEVEL = "-O";
				VALIDATE_PRODUCT = YES;
			};
			name = Release;
		};
		ED8F97D3220FDCE7008EAF2B /* Debug */ = {
			isa = XCBuildConfiguration;
			buildSettings = {
				ASSETCATALOG_COMPILER_APPICON_NAME = AppIcon;
				CODE_SIGN_STYLE = Automatic;
				INFOPLIST_FILE = UserViewer/Info.plist;
				LD_RUNPATH_SEARCH_PATHS = (
					"$(inherited)",
					"@executable_path/Frameworks",
				);
				PRODUCT_BUNDLE_IDENTIFIER = sam.UserViewer;
				PRODUCT_NAME = "$(TARGET_NAME)";
				SWIFT_VERSION = 4.2;
				TARGETED_DEVICE_FAMILY = "1,2";
			};
			name = Debug;
		};
		ED8F97D4220FDCE7008EAF2B /* Release */ = {
			isa = XCBuildConfiguration;
			buildSettings = {
				ASSETCATALOG_COMPILER_APPICON_NAME = AppIcon;
				CODE_SIGN_STYLE = Automatic;
				INFOPLIST_FILE = UserViewer/Info.plist;
				LD_RUNPATH_SEARCH_PATHS = (
					"$(inherited)",
					"@executable_path/Frameworks",
				);
				PRODUCT_BUNDLE_IDENTIFIER = sam.UserViewer;
				PRODUCT_NAME = "$(TARGET_NAME)";
				SWIFT_VERSION = 4.2;
				TARGETED_DEVICE_FAMILY = "1,2";
			};
			name = Release;
		};
		ED8F97D6220FDCE7008EAF2B /* Debug */ = {
			isa = XCBuildConfiguration;
			buildSettings = {
				ALWAYS_EMBED_SWIFT_STANDARD_LIBRARIES = YES;
				BUNDLE_LOADER = "$(TEST_HOST)";
				CODE_SIGN_STYLE = Automatic;
				INFOPLIST_FILE = UserViewerTests/Info.plist;
				LD_RUNPATH_SEARCH_PATHS = (
					"$(inherited)",
					"@executable_path/Frameworks",
					"@loader_path/Frameworks",
				);
				PRODUCT_BUNDLE_IDENTIFIER = sam.UserViewerTests;
				PRODUCT_NAME = "$(TARGET_NAME)";
				SWIFT_VERSION = 4.2;
				TARGETED_DEVICE_FAMILY = "1,2";
				TEST_HOST = "$(BUILT_PRODUCTS_DIR)/UserViewer.app/UserViewer";
			};
			name = Debug;
		};
		ED8F97D7220FDCE7008EAF2B /* Release */ = {
			isa = XCBuildConfiguration;
			buildSettings = {
				ALWAYS_EMBED_SWIFT_STANDARD_LIBRARIES = YES;
				BUNDLE_LOADER = "$(TEST_HOST)";
				CODE_SIGN_STYLE = Automatic;
				INFOPLIST_FILE = UserViewerTests/Info.plist;
				LD_RUNPATH_SEARCH_PATHS = (
					"$(inherited)",
					"@executable_path/Frameworks",
					"@loader_path/Frameworks",
				);
				PRODUCT_BUNDLE_IDENTIFIER = sam.UserViewerTests;
				PRODUCT_NAME = "$(TARGET_NAME)";
				SWIFT_VERSION = 4.2;
				TARGETED_DEVICE_FAMILY = "1,2";
				TEST_HOST = "$(BUILT_PRODUCTS_DIR)/UserViewer.app/UserViewer";
			};
			name = Release;
		};
		ED8F97D9220FDCE7008EAF2B /* Debug */ = {
			isa = XCBuildConfiguration;
			buildSettings = {
				ALWAYS_EMBED_SWIFT_STANDARD_LIBRARIES = YES;
				CODE_SIGN_STYLE = Automatic;
				INFOPLIST_FILE = UserViewerUITests/Info.plist;
				LD_RUNPATH_SEARCH_PATHS = (
					"$(inherited)",
					"@executable_path/Frameworks",
					"@loader_path/Frameworks",
				);
				PRODUCT_BUNDLE_IDENTIFIER = sam.UserViewerUITests;
				PRODUCT_NAME = "$(TARGET_NAME)";
				SWIFT_VERSION = 4.2;
				TARGETED_DEVICE_FAMILY = "1,2";
				TEST_TARGET_NAME = UserViewer;
			};
			name = Debug;
		};
		ED8F97DA220FDCE7008EAF2B /* Release */ = {
			isa = XCBuildConfiguration;
			buildSettings = {
				ALWAYS_EMBED_SWIFT_STANDARD_LIBRARIES = YES;
				CODE_SIGN_STYLE = Automatic;
				INFOPLIST_FILE = UserViewerUITests/Info.plist;
				LD_RUNPATH_SEARCH_PATHS = (
					"$(inherited)",
					"@executable_path/Frameworks",
					"@loader_path/Frameworks",
				);
				PRODUCT_BUNDLE_IDENTIFIER = sam.UserViewerUITests;
				PRODUCT_NAME = "$(TARGET_NAME)";
				SWIFT_VERSION = 4.2;
				TARGETED_DEVICE_FAMILY = "1,2";
				TEST_TARGET_NAME = UserViewer;
			};
			name = Release;
		};
/* End XCBuildConfiguration section */

/* Begin XCConfigurationList section */
		ED8F97A5220FDCE6008EAF2B /* Build configuration list for PBXProject "UserViewer" */ = {
			isa = XCConfigurationList;
			buildConfigurations = (
				ED8F97D0220FDCE7008EAF2B /* Debug */,
				ED8F97D1220FDCE7008EAF2B /* Release */,
			);
			defaultConfigurationIsVisible = 0;
			defaultConfigurationName = Release;
		};
		ED8F97D2220FDCE7008EAF2B /* Build configuration list for PBXNativeTarget "UserViewer" */ = {
			isa = XCConfigurationList;
			buildConfigurations = (
				ED8F97D3220FDCE7008EAF2B /* Debug */,
				ED8F97D4220FDCE7008EAF2B /* Release */,
			);
			defaultConfigurationIsVisible = 0;
			defaultConfigurationName = Release;
		};
		ED8F97D5220FDCE7008EAF2B /* Build configuration list for PBXNativeTarget "UserViewerTests" */ = {
			isa = XCConfigurationList;
			buildConfigurations = (
				ED8F97D6220FDCE7008EAF2B /* Debug */,
				ED8F97D7220FDCE7008EAF2B /* Release */,
			);
			defaultConfigurationIsVisible = 0;
			defaultConfigurationName = Release;
		};
		ED8F97D8220FDCE7008EAF2B /* Build configuration list for PBXNativeTarget "UserViewerUITests" */ = {
			isa = XCConfigurationList;
			buildConfigurations = (
				ED8F97D9220FDCE7008EAF2B /* Debug */,
				ED8F97DA220FDCE7008EAF2B /* Release */,
			);
			defaultConfigurationIsVisible = 0;
			defaultConfigurationName = Release;
		};
/* End XCConfigurationList section */
	};
	rootObject = ED8F97A2220FDCE6008EAF2B /* Project object */;
}
